// !$*UTF8*$!
{
	archiveVersion = 1;
	classes = {
	};
	objectVersion = 50;
	objects = {

/* Begin PBXBuildFile section */
		5AAC043522B607F900A6BA80 /* AppDelegate.swift in Sources */ = {isa = PBXBuildFile; fileRef = 5AAC043422B607F900A6BA80 /* AppDelegate.swift */; };
		5AAC043722B607F900A6BA80 /* ViewController.swift in Sources */ = {isa = PBXBuildFile; fileRef = 5AAC043622B607F900A6BA80 /* ViewController.swift */; };
		5AAC043A22B607F900A6BA80 /* Main.storyboard in Resources */ = {isa = PBXBuildFile; fileRef = 5AAC043822B607F900A6BA80 /* Main.storyboard */; };
		5AAC043C22B607FB00A6BA80 /* Assets.xcassets in Resources */ = {isa = PBXBuildFile; fileRef = 5AAC043B22B607FB00A6BA80 /* Assets.xcassets */; };
		5AAC043F22B607FB00A6BA80 /* LaunchScreen.storyboard in Resources */ = {isa = PBXBuildFile; fileRef = 5AAC043D22B607FB00A6BA80 /* LaunchScreen.storyboard */; };
		5AAC044A22B607FB00A6BA80 /* ContactAppTests.swift in Sources */ = {isa = PBXBuildFile; fileRef = 5AAC044922B607FB00A6BA80 /* ContactAppTests.swift */; };
		5AAC045522B607FB00A6BA80 /* ContactAppUITests.swift in Sources */ = {isa = PBXBuildFile; fileRef = 5AAC045422B607FB00A6BA80 /* ContactAppUITests.swift */; };
/* End PBXBuildFile section */

/* Begin PBXContainerItemProxy section */
		5AAC044622B607FB00A6BA80 /* PBXContainerItemProxy */ = {
			isa = PBXContainerItemProxy;
			containerPortal = 5AAC042922B607F900A6BA80 /* Project object */;
			proxyType = 1;
			remoteGlobalIDString = 5AAC043022B607F900A6BA80;
			remoteInfo = ContactApp;
		};
		5AAC045122B607FB00A6BA80 /* PBXContainerItemProxy */ = {
			isa = PBXContainerItemProxy;
			containerPortal = 5AAC042922B607F900A6BA80 /* Project object */;
			proxyType = 1;
			remoteGlobalIDString = 5AAC043022B607F900A6BA80;
			remoteInfo = ContactApp;
		};
/* End PBXContainerItemProxy section */

/* Begin PBXFileReference section */
		5AAC043122B607F900A6BA80 /* ContactApp.app */ = {isa = PBXFileReference; explicitFileType = wrapper.application; includeInIndex = 0; path = ContactApp.app; sourceTree = BUILT_PRODUCTS_DIR; };
		5AAC043422B607F900A6BA80 /* AppDelegate.swift */ = {isa = PBXFileReference; lastKnownFileType = sourcecode.swift; path = AppDelegate.swift; sourceTree = "<group>"; };
		5AAC043622B607F900A6BA80 /* ViewController.swift */ = {isa = PBXFileReference; lastKnownFileType = sourcecode.swift; path = ViewController.swift; sourceTree = "<group>"; };
		5AAC043922B607F900A6BA80 /* Base */ = {isa = PBXFileReference; lastKnownFileType = file.storyboard; name = Base; path = Base.lproj/Main.storyboard; sourceTree = "<group>"; };
		5AAC043B22B607FB00A6BA80 /* Assets.xcassets */ = {isa = PBXFileReference; lastKnownFileType = folder.assetcatalog; path = Assets.xcassets; sourceTree = "<group>"; };
		5AAC043E22B607FB00A6BA80 /* Base */ = {isa = PBXFileReference; lastKnownFileType = file.storyboard; name = Base; path = Base.lproj/LaunchScreen.storyboard; sourceTree = "<group>"; };
		5AAC044022B607FB00A6BA80 /* Info.plist */ = {isa = PBXFileReference; lastKnownFileType = text.plist.xml; path = Info.plist; sourceTree = "<group>"; };
		5AAC044522B607FB00A6BA80 /* ContactAppTests.xctest */ = {isa = PBXFileReference; explicitFileType = wrapper.cfbundle; includeInIndex = 0; path = ContactAppTests.xctest; sourceTree = BUILT_PRODUCTS_DIR; };
		5AAC044922B607FB00A6BA80 /* ContactAppTests.swift */ = {isa = PBXFileReference; lastKnownFileType = sourcecode.swift; path = ContactAppTests.swift; sourceTree = "<group>"; };
		5AAC044B22B607FB00A6BA80 /* Info.plist */ = {isa = PBXFileReference; lastKnownFileType = text.plist.xml; path = Info.plist; sourceTree = "<group>"; };
		5AAC045022B607FB00A6BA80 /* ContactAppUITests.xctest */ = {isa = PBXFileReference; explicitFileType = wrapper.cfbundle; includeInIndex = 0; path = ContactAppUITests.xctest; sourceTree = BUILT_PRODUCTS_DIR; };
		5AAC045422B607FB00A6BA80 /* ContactAppUITests.swift */ = {isa = PBXFileReference; lastKnownFileType = sourcecode.swift; path = ContactAppUITests.swift; sourceTree = "<group>"; };
		5AAC045622B607FB00A6BA80 /* Info.plist */ = {isa = PBXFileReference; lastKnownFileType = text.plist.xml; path = Info.plist; sourceTree = "<group>"; };
/* End PBXFileReference section */

/* Begin PBXFrameworksBuildPhase section */
		5AAC042E22B607F900A6BA80 /* Frameworks */ = {
			isa = PBXFrameworksBuildPhase;
			buildActionMask = 2147483647;
			files = (
			);
			runOnlyForDeploymentPostprocessing = 0;
		};
		5AAC044222B607FB00A6BA80 /* Frameworks */ = {
			isa = PBXFrameworksBuildPhase;
			buildActionMask = 2147483647;
			files = (
			);
			runOnlyForDeploymentPostprocessing = 0;
		};
		5AAC044D22B607FB00A6BA80 /* Frameworks */ = {
			isa = PBXFrameworksBuildPhase;
			buildActionMask = 2147483647;
			files = (
			);
			runOnlyForDeploymentPostprocessing = 0;
		};
/* End PBXFrameworksBuildPhase section */

/* Begin PBXGroup section */
		5AAC042822B607F900A6BA80 = {
			isa = PBXGroup;
			children = (
				5AAC043322B607F900A6BA80 /* ContactApp */,
				5AAC044822B607FB00A6BA80 /* ContactAppTests */,
				5AAC045322B607FB00A6BA80 /* ContactAppUITests */,
				5AAC043222B607F900A6BA80 /* Products */,
			);
			sourceTree = "<group>";
		};
		5AAC043222B607F900A6BA80 /* Products */ = {
			isa = PBXGroup;
			children = (
				5AAC043122B607F900A6BA80 /* ContactApp.app */,
				5AAC044522B607FB00A6BA80 /* ContactAppTests.xctest */,
				5AAC045022B607FB00A6BA80 /* ContactAppUITests.xctest */,
			);
			name = Products;
			sourceTree = "<group>";
		};
		5AAC043322B607F900A6BA80 /* ContactApp */ = {
			isa = PBXGroup;
			children = (
				5AAC043422B607F900A6BA80 /* AppDelegate.swift */,
				5AAC043622B607F900A6BA80 /* ViewController.swift */,
				5AAC043822B607F900A6BA80 /* Main.storyboard */,
				5AAC043B22B607FB00A6BA80 /* Assets.xcassets */,
				5AAC043D22B607FB00A6BA80 /* LaunchScreen.storyboard */,
				5AAC044022B607FB00A6BA80 /* Info.plist */,
			);
			path = ContactApp;
			sourceTree = "<group>";
		};
		5AAC044822B607FB00A6BA80 /* ContactAppTests */ = {
			isa = PBXGroup;
			children = (
				5AAC044922B607FB00A6BA80 /* ContactAppTests.swift */,
				5AAC044B22B607FB00A6BA80 /* Info.plist */,
			);
			path = ContactAppTests;
			sourceTree = "<group>";
		};
		5AAC045322B607FB00A6BA80 /* ContactAppUITests */ = {
			isa = PBXGroup;
			children = (
				5AAC045422B607FB00A6BA80 /* ContactAppUITests.swift */,
				5AAC045622B607FB00A6BA80 /* Info.plist */,
			);
			path = ContactAppUITests;
			sourceTree = "<group>";
		};
/* End PBXGroup section */

/* Begin PBXNativeTarget section */
		5AAC043022B607F900A6BA80 /* ContactApp */ = {
			isa = PBXNativeTarget;
			buildConfigurationList = 5AAC045922B607FB00A6BA80 /* Build configuration list for PBXNativeTarget "ContactApp" */;
			buildPhases = (
				5AAC042D22B607F900A6BA80 /* Sources */,
				5AAC042E22B607F900A6BA80 /* Frameworks */,
				5AAC042F22B607F900A6BA80 /* Resources */,
			);
			buildRules = (
			);
			dependencies = (
			);
			name = ContactApp;
			productName = ContactApp;
			productReference = 5AAC043122B607F900A6BA80 /* ContactApp.app */;
			productType = "com.apple.product-type.application";
		};
		5AAC044422B607FB00A6BA80 /* ContactAppTests */ = {
			isa = PBXNativeTarget;
			buildConfigurationList = 5AAC045C22B607FB00A6BA80 /* Build configuration list for PBXNativeTarget "ContactAppTests" */;
			buildPhases = (
				5AAC044122B607FB00A6BA80 /* Sources */,
				5AAC044222B607FB00A6BA80 /* Frameworks */,
				5AAC044322B607FB00A6BA80 /* Resources */,
			);
			buildRules = (
			);
			dependencies = (
				5AAC044722B607FB00A6BA80 /* PBXTargetDependency */,
			);
			name = ContactAppTests;
			productName = ContactAppTests;
			productReference = 5AAC044522B607FB00A6BA80 /* ContactAppTests.xctest */;
			productType = "com.apple.product-type.bundle.unit-test";
		};
		5AAC044F22B607FB00A6BA80 /* ContactAppUITests */ = {
			isa = PBXNativeTarget;
			buildConfigurationList = 5AAC045F22B607FB00A6BA80 /* Build configuration list for PBXNativeTarget "ContactAppUITests" */;
			buildPhases = (
				5AAC044C22B607FB00A6BA80 /* Sources */,
				5AAC044D22B607FB00A6BA80 /* Frameworks */,
				5AAC044E22B607FB00A6BA80 /* Resources */,
			);
			buildRules = (
			);
			dependencies = (
				5AAC045222B607FB00A6BA80 /* PBXTargetDependency */,
			);
			name = ContactAppUITests;
			productName = ContactAppUITests;
			productReference = 5AAC045022B607FB00A6BA80 /* ContactAppUITests.xctest */;
			productType = "com.apple.product-type.bundle.ui-testing";
		};
/* End PBXNativeTarget section */

/* Begin PBXProject section */
		5AAC042922B607F900A6BA80 /* Project object */ = {
			isa = PBXProject;
			attributes = {
				LastSwiftUpdateCheck = 1020;
				LastUpgradeCheck = 1020;
				ORGANIZATIONNAME = "Nishant Sharma";
				TargetAttributes = {
					5AAC043022B607F900A6BA80 = {
						CreatedOnToolsVersion = 10.2.1;
					};
					5AAC044422B607FB00A6BA80 = {
						CreatedOnToolsVersion = 10.2.1;
						TestTargetID = 5AAC043022B607F900A6BA80;
					};
					5AAC044F22B607FB00A6BA80 = {
						CreatedOnToolsVersion = 10.2.1;
						TestTargetID = 5AAC043022B607F900A6BA80;
					};
				};
			};
			buildConfigurationList = 5AAC042C22B607F900A6BA80 /* Build configuration list for PBXProject "ContactApp" */;
			compatibilityVersion = "Xcode 9.3";
			developmentRegion = en;
			hasScannedForEncodings = 0;
			knownRegions = (
				en,
				Base,
			);
			mainGroup = 5AAC042822B607F900A6BA80;
			productRefGroup = 5AAC043222B607F900A6BA80 /* Products */;
			projectDirPath = "";
			projectRoot = "";
			targets = (
				5AAC043022B607F900A6BA80 /* ContactApp */,
				5AAC044422B607FB00A6BA80 /* ContactAppTests */,
				5AAC044F22B607FB00A6BA80 /* ContactAppUITests */,
			);
		};
/* End PBXProject section */

/* Begin PBXResourcesBuildPhase section */
		5AAC042F22B607F900A6BA80 /* Resources */ = {
			isa = PBXResourcesBuildPhase;
			buildActionMask = 2147483647;
			files = (
				5AAC043F22B607FB00A6BA80 /* LaunchScreen.storyboard in Resources */,
				5AAC043C22B607FB00A6BA80 /* Assets.xcassets in Resources */,
				5AAC043A22B607F900A6BA80 /* Main.storyboard in Resources */,
			);
			runOnlyForDeploymentPostprocessing = 0;
		};
		5AAC044322B607FB00A6BA80 /* Resources */ = {
			isa = PBXResourcesBuildPhase;
			buildActionMask = 2147483647;
			files = (
			);
			runOnlyForDeploymentPostprocessing = 0;
		};
		5AAC044E22B607FB00A6BA80 /* Resources */ = {
			isa = PBXResourcesBuildPhase;
			buildActionMask = 2147483647;
			files = (
			);
			runOnlyForDeploymentPostprocessing = 0;
		};
/* End PBXResourcesBuildPhase section */

/* Begin PBXSourcesBuildPhase section */
		5AAC042D22B607F900A6BA80 /* Sources */ = {
			isa = PBXSourcesBuildPhase;
			buildActionMask = 2147483647;
			files = (
				5AAC043722B607F900A6BA80 /* ViewController.swift in Sources */,
				5AAC043522B607F900A6BA80 /* AppDelegate.swift in Sources */,
			);
			runOnlyForDeploymentPostprocessing = 0;
		};
		5AAC044122B607FB00A6BA80 /* Sources */ = {
			isa = PBXSourcesBuildPhase;
			buildActionMask = 2147483647;
			files = (
				5AAC044A22B607FB00A6BA80 /* ContactAppTests.swift in Sources */,
			);
			runOnlyForDeploymentPostprocessing = 0;
		};
		5AAC044C22B607FB00A6BA80 /* Sources */ = {
			isa = PBXSourcesBuildPhase;
			buildActionMask = 2147483647;
			files = (
				5AAC045522B607FB00A6BA80 /* ContactAppUITests.swift in Sources */,
			);
			runOnlyForDeploymentPostprocessing = 0;
		};
/* End PBXSourcesBuildPhase section */

/* Begin PBXTargetDependency section */
		5AAC044722B607FB00A6BA80 /* PBXTargetDependency */ = {
			isa = PBXTargetDependency;
			target = 5AAC043022B607F900A6BA80 /* ContactApp */;
			targetProxy = 5AAC044622B607FB00A6BA80 /* PBXContainerItemProxy */;
		};
		5AAC045222B607FB00A6BA80 /* PBXTargetDependency */ = {
			isa = PBXTargetDependency;
			target = 5AAC043022B607F900A6BA80 /* ContactApp */;
			targetProxy = 5AAC045122B607FB00A6BA80 /* PBXContainerItemProxy */;
		};
/* End PBXTargetDependency section */

/* Begin PBXVariantGroup section */
		5AAC043822B607F900A6BA80 /* Main.storyboard */ = {
			isa = PBXVariantGroup;
			children = (
				5AAC043922B607F900A6BA80 /* Base */,
			);
			name = Main.storyboard;
			sourceTree = "<group>";
		};
		5AAC043D22B607FB00A6BA80 /* LaunchScreen.storyboard */ = {
			isa = PBXVariantGroup;
			children = (
				5AAC043E22B607FB00A6BA80 /* Base */,
			);
			name = LaunchScreen.storyboard;
			sourceTree = "<group>";
		};
/* End PBXVariantGroup section */

/* Begin XCBuildConfiguration section */
		5AAC045722B607FB00A6BA80 /* Debug */ = {
			isa = XCBuildConfiguration;
			buildSettings = {
				ALWAYS_SEARCH_USER_PATHS = NO;
				CLANG_ANALYZER_NONNULL = YES;
				CLANG_ANALYZER_NUMBER_OBJECT_CONVERSION = YES_AGGRESSIVE;
				CLANG_CXX_LANGUAGE_STANDARD = "gnu++14";
				CLANG_CXX_LIBRARY = "libc++";
				CLANG_ENABLE_MODULES = YES;
				CLANG_ENABLE_OBJC_ARC = YES;
				CLANG_ENABLE_OBJC_WEAK = YES;
				CLANG_WARN_BLOCK_CAPTURE_AUTORELEASING = YES;
				CLANG_WARN_BOOL_CONVERSION = YES;
				CLANG_WARN_COMMA = YES;
				CLANG_WARN_CONSTANT_CONVERSION = YES;
				CLANG_WARN_DEPRECATED_OBJC_IMPLEMENTATIONS = YES;
				CLANG_WARN_DIRECT_OBJC_ISA_USAGE = YES_ERROR;
				CLANG_WARN_DOCUMENTATION_COMMENTS = YES;
				CLANG_WARN_EMPTY_BODY = YES;
				CLANG_WARN_ENUM_CONVERSION = YES;
				CLANG_WARN_INFINITE_RECURSION = YES;
				CLANG_WARN_INT_CONVERSION = YES;
				CLANG_WARN_NON_LITERAL_NULL_CONVERSION = YES;
				CLANG_WARN_OBJC_IMPLICIT_RETAIN_SELF = YES;
				CLANG_WARN_OBJC_LITERAL_CONVERSION = YES;
				CLANG_WARN_OBJC_ROOT_CLASS = YES_ERROR;
				CLANG_WARN_RANGE_LOOP_ANALYSIS = YES;
				CLANG_WARN_STRICT_PROTOTYPES = YES;
				CLANG_WARN_SUSPICIOUS_MOVE = YES;
				CLANG_WARN_UNGUARDED_AVAILABILITY = YES_AGGRESSIVE;
				CLANG_WARN_UNREACHABLE_CODE = YES;
				CLANG_WARN__DUPLICATE_METHOD_MATCH = YES;
				CODE_SIGN_IDENTITY = "iPhone Developer";
				COPY_PHASE_STRIP = NO;
				DEBUG_INFORMATION_FORMAT = dwarf;
				ENABLE_STRICT_OBJC_MSGSEND = YES;
				ENABLE_TESTABILITY = YES;
				GCC_C_LANGUAGE_STANDARD = gnu11;
				GCC_DYNAMIC_NO_PIC = NO;
				GCC_NO_COMMON_BLOCKS = YES;
				GCC_OPTIMIZATION_LEVEL = 0;
				GCC_PREPROCESSOR_DEFINITIONS = (
					"DEBUG=1",
					"$(inherited)",
				);
				GCC_WARN_64_TO_32_BIT_CONVERSION = YES;
				GCC_WARN_ABOUT_RETURN_TYPE = YES_ERROR;
				GCC_WARN_UNDECLARED_SELECTOR = YES;
				GCC_WARN_UNINITIALIZED_AUTOS = YES_AGGRESSIVE;
				GCC_WARN_UNUSED_FUNCTION = YES;
				GCC_WARN_UNUSED_VARIABLE = YES;
				IPHONEOS_DEPLOYMENT_TARGET = 12.2;
				MTL_ENABLE_DEBUG_INFO = INCLUDE_SOURCE;
				MTL_FAST_MATH = YES;
				ONLY_ACTIVE_ARCH = YES;
				SDKROOT = iphoneos;
				SWIFT_ACTIVE_COMPILATION_CONDITIONS = DEBUG;
				SWIFT_OPTIMIZATION_LEVEL = "-Onone";
			};
			name = Debug;
		};
		5AAC045822B607FB00A6BA80 /* Release */ = {
			isa = XCBuildConfiguration;
			buildSettings = {
				ALWAYS_SEARCH_USER_PATHS = NO;
				CLANG_ANALYZER_NONNULL = YES;
				CLANG_ANALYZER_NUMBER_OBJECT_CONVERSION = YES_AGGRESSIVE;
				CLANG_CXX_LANGUAGE_STANDARD = "gnu++14";
				CLANG_CXX_LIBRARY = "libc++";
				CLANG_ENABLE_MODULES = YES;
				CLANG_ENABLE_OBJC_ARC = YES;
				CLANG_ENABLE_OBJC_WEAK = YES;
				CLANG_WARN_BLOCK_CAPTURE_AUTORELEASING = YES;
				CLANG_WARN_BOOL_CONVERSION = YES;
				CLANG_WARN_COMMA = YES;
				CLANG_WARN_CONSTANT_CONVERSION = YES;
				CLANG_WARN_DEPRECATED_OBJC_IMPLEMENTATIONS = YES;
				CLANG_WARN_DIRECT_OBJC_ISA_USAGE = YES_ERROR;
				CLANG_WARN_DOCUMENTATION_COMMENTS = YES;
				CLANG_WARN_EMPTY_BODY = YES;
				CLANG_WARN_ENUM_CONVERSION = YES;
				CLANG_WARN_INFINITE_RECURSION = YES;
				CLANG_WARN_INT_CONVERSION = YES;
				CLANG_WARN_NON_LITERAL_NULL_CONVERSION = YES;
				CLANG_WARN_OBJC_IMPLICIT_RETAIN_SELF = YES;
				CLANG_WARN_OBJC_LITERAL_CONVERSION = YES;
				CLANG_WARN_OBJC_ROOT_CLASS = YES_ERROR;
				CLANG_WARN_RANGE_LOOP_ANALYSIS = YES;
				CLANG_WARN_STRICT_PROTOTYPES = YES;
				CLANG_WARN_SUSPICIOUS_MOVE = YES;
				CLANG_WARN_UNGUARDED_AVAILABILITY = YES_AGGRESSIVE;
				CLANG_WARN_UNREACHABLE_CODE = YES;
				CLANG_WARN__DUPLICATE_METHOD_MATCH = YES;
				CODE_SIGN_IDENTITY = "iPhone Developer";
				COPY_PHASE_STRIP = NO;
				DEBUG_INFORMATION_FORMAT = "dwarf-with-dsym";
				ENABLE_NS_ASSERTIONS = NO;
				ENABLE_STRICT_OBJC_MSGSEND = YES;
				GCC_C_LANGUAGE_STANDARD = gnu11;
				GCC_NO_COMMON_BLOCKS = YES;
				GCC_WARN_64_TO_32_BIT_CONVERSION = YES;
				GCC_WARN_ABOUT_RETURN_TYPE = YES_ERROR;
				GCC_WARN_UNDECLARED_SELECTOR = YES;
				GCC_WARN_UNINITIALIZED_AUTOS = YES_AGGRESSIVE;
				GCC_WARN_UNUSED_FUNCTION = YES;
				GCC_WARN_UNUSED_VARIABLE = YES;
				IPHONEOS_DEPLOYMENT_TARGET = 12.2;
				MTL_ENABLE_DEBUG_INFO = NO;
				MTL_FAST_MATH = YES;
				SDKROOT = iphoneos;
				SWIFT_COMPILATION_MODE = wholemodule;
				SWIFT_OPTIMIZATION_LEVEL = "-O";
				VALIDATE_PRODUCT = YES;
			};
			name = Release;
		};
		5AAC045A22B607FB00A6BA80 /* Debug */ = {
			isa = XCBuildConfiguration;
			buildSettings = {
				ASSETCATALOG_COMPILER_APPICON_NAME = AppIcon;
				CODE_SIGN_STYLE = Automatic;
				INFOPLIST_FILE = ContactApp/Info.plist;
				LD_RUNPATH_SEARCH_PATHS = (
					"$(inherited)",
					"@executable_path/Frameworks",
				);
				PRODUCT_BUNDLE_IDENTIFIER = Personal.ContactApp;
				PRODUCT_NAME = "$(TARGET_NAME)";
				SWIFT_VERSION = 5.0;
				TARGETED_DEVICE_FAMILY = "1,2";
			};
			name = Debug;
		};
		5AAC045B22B607FB00A6BA80 /* Release */ = {
			isa = XCBuildConfiguration;
			buildSettings = {
				ASSETCATALOG_COMPILER_APPICON_NAME = AppIcon;
				CODE_SIGN_STYLE = Automatic;
				INFOPLIST_FILE = ContactApp/Info.plist;
				LD_RUNPATH_SEARCH_PATHS = (
					"$(inherited)",
					"@executable_path/Frameworks",
				);
				PRODUCT_BUNDLE_IDENTIFIER = Personal.ContactApp;
				PRODUCT_NAME = "$(TARGET_NAME)";
				SWIFT_VERSION = 5.0;
				TARGETED_DEVICE_FAMILY = "1,2";
			};
			name = Release;
		};
		5AAC045D22B607FB00A6BA80 /* Debug */ = {
			isa = XCBuildConfiguration;
			buildSettings = {
				ALWAYS_EMBED_SWIFT_STANDARD_LIBRARIES = YES;
				BUNDLE_LOADER = "$(TEST_HOST)";
				CODE_SIGN_STYLE = Automatic;
				INFOPLIST_FILE = ContactAppTests/Info.plist;
				LD_RUNPATH_SEARCH_PATHS = (
					"$(inherited)",
					"@executable_path/Frameworks",
					"@loader_path/Frameworks",
				);
				PRODUCT_BUNDLE_IDENTIFIER = Personal.ContactAppTests;
				PRODUCT_NAME = "$(TARGET_NAME)";
				SWIFT_VERSION = 5.0;
				TARGETED_DEVICE_FAMILY = "1,2";
				TEST_HOST = "$(BUILT_PRODUCTS_DIR)/ContactApp.app/ContactApp";
			};
			name = Debug;
		};
		5AAC045E22B607FB00A6BA80 /* Release */ = {
			isa = XCBuildConfiguration;
			buildSettings = {
				ALWAYS_EMBED_SWIFT_STANDARD_LIBRARIES = YES;
				BUNDLE_LOADER = "$(TEST_HOST)";
				CODE_SIGN_STYLE = Automatic;
				INFOPLIST_FILE = ContactAppTests/Info.plist;
				LD_RUNPATH_SEARCH_PATHS = (
					"$(inherited)",
					"@executable_path/Frameworks",
					"@loader_path/Frameworks",
				);
				PRODUCT_BUNDLE_IDENTIFIER = Personal.ContactAppTests;
				PRODUCT_NAME = "$(TARGET_NAME)";
				SWIFT_VERSION = 5.0;
				TARGETED_DEVICE_FAMILY = "1,2";
				TEST_HOST = "$(BUILT_PRODUCTS_DIR)/ContactApp.app/ContactApp";
			};
			name = Release;
		};
		5AAC046022B607FB00A6BA80 /* Debug */ = {
			isa = XCBuildConfiguration;
			buildSettings = {
				ALWAYS_EMBED_SWIFT_STANDARD_LIBRARIES = YES;
				CODE_SIGN_STYLE = Automatic;
				INFOPLIST_FILE = ContactAppUITests/Info.plist;
				LD_RUNPATH_SEARCH_PATHS = (
					"$(inherited)",
					"@executable_path/Frameworks",
					"@loader_path/Frameworks",
				);
				PRODUCT_BUNDLE_IDENTIFIER = Personal.ContactAppUITests;
				PRODUCT_NAME = "$(TARGET_NAME)";
				SWIFT_VERSION = 5.0;
				TARGETED_DEVICE_FAMILY = "1,2";
				TEST_TARGET_NAME = ContactApp;
			};
			name = Debug;
		};
		5AAC046122B607FB00A6BA80 /* Release */ = {
			isa = XCBuildConfiguration;
			buildSettings = {
				ALWAYS_EMBED_SWIFT_STANDARD_LIBRARIES = YES;
				CODE_SIGN_STYLE = Automatic;
				INFOPLIST_FILE = ContactAppUITests/Info.plist;
				LD_RUNPATH_SEARCH_PATHS = (
					"$(inherited)",
					"@executable_path/Frameworks",
					"@loader_path/Frameworks",
				);
				PRODUCT_BUNDLE_IDENTIFIER = Personal.ContactAppUITests;
				PRODUCT_NAME = "$(TARGET_NAME)";
				SWIFT_VERSION = 5.0;
				TARGETED_DEVICE_FAMILY = "1,2";
				TEST_TARGET_NAME = ContactApp;
			};
			name = Release;
		};
/* End XCBuildConfiguration section */

/* Begin XCConfigurationList section */
		5AAC042C22B607F900A6BA80 /* Build configuration list for PBXProject "ContactApp" */ = {
			isa = XCConfigurationList;
			buildConfigurations = (
				5AAC045722B607FB00A6BA80 /* Debug */,
				5AAC045822B607FB00A6BA80 /* Release */,
			);
			defaultConfigurationIsVisible = 0;
			defaultConfigurationName = Release;
		};
		5AAC045922B607FB00A6BA80 /* Build configuration list for PBXNativeTarget "ContactApp" */ = {
			isa = XCConfigurationList;
			buildConfigurations = (
				5AAC045A22B607FB00A6BA80 /* Debug */,
				5AAC045B22B607FB00A6BA80 /* Release */,
			);
			defaultConfigurationIsVisible = 0;
			defaultConfigurationName = Release;
		};
		5AAC045C22B607FB00A6BA80 /* Build configuration list for PBXNativeTarget "ContactAppTests" */ = {
			isa = XCConfigurationList;
			buildConfigurations = (
				5AAC045D22B607FB00A6BA80 /* Debug */,
				5AAC045E22B607FB00A6BA80 /* Release */,
			);
			defaultConfigurationIsVisible = 0;
			defaultConfigurationName = Release;
		};
		5AAC045F22B607FB00A6BA80 /* Build configuration list for PBXNativeTarget "ContactAppUITests" */ = {
			isa = XCConfigurationList;
			buildConfigurations = (
				5AAC046022B607FB00A6BA80 /* Debug */,
				5AAC046122B607FB00A6BA80 /* Release */,
			);
			defaultConfigurationIsVisible = 0;
			defaultConfigurationName = Release;
		};
/* End XCConfigurationList section */
	};
	rootObject = 5AAC042922B607F900A6BA80 /* Project object */;
}
